
Microsoft Visual Studio Solution File, Format Version 12.00
# Visual Studio Version 16
VisualStudioVersion = 16.0.31424.327
MinimumVisualStudioVersion = 10.0.40219.1
Project("{FAE04EC0-301F-11D3-BF4B-00C04F79EFBC}") = "TicketApp", "TicketApp\TicketApp.csproj", "{6B2B307E-D3AF-49A5-86E1-512418E28FF7}"
EndProject
Global
	GlobalSection(SolutionConfigurationPlatforms) = preSolution
		Debug|Any CPU = Debug|Any CPU
		Release|Any CPU = Release|Any CPU
	EndGlobalSection
	GlobalSection(ProjectConfigurationPlatforms) = postSolution
		{6B2B307E-D3AF-49A5-86E1-512418E28FF7}.Debug|Any CPU.ActiveCfg = Debug|Any CPU
		{6B2B307E-D3AF-49A5-86E1-512418E28FF7}.Debug|Any CPU.Build.0 = Debug|Any CPU
		{6B2B307E-D3AF-49A5-86E1-512418E28FF7}.Release|Any CPU.ActiveCfg = Release|Any CPU
		{6B2B307E-D3AF-49A5-86E1-512418E28FF7}.Release|Any CPU.Build.0 = Release|Any CPU
	EndGlobalSection
	GlobalSection(SolutionProperties) = preSolution
		HideSolutionNode = FALSE
	EndGlobalSection
	GlobalSection(ExtensibilityGlobals) = postSolution
		SolutionGuid = {737C8BF9-F235-4110-B67E-7F56148ACD25}
	EndGlobalSection
EndGlobal
